// !$*UTF8*$!
{
	archiveVersion = 1;
	classes = {
	};
	objectVersion = 46;
	objects = {

/* Begin PBXBuildFile section */
		813884B91AAFD567001F3797 /* AppDelegate.swift in Sources */ = {isa = PBXBuildFile; fileRef = 813884B81AAFD567001F3797 /* AppDelegate.swift */; };
		813884BB1AAFD567001F3797 /* RecordSoundsViewController.swift in Sources */ = {isa = PBXBuildFile; fileRef = 813884BA1AAFD567001F3797 /* RecordSoundsViewController.swift */; };
		813884BE1AAFD567001F3797 /* Main.storyboard in Resources */ = {isa = PBXBuildFile; fileRef = 813884BC1AAFD567001F3797 /* Main.storyboard */; };
		813884C01AAFD567001F3797 /* Images.xcassets in Resources */ = {isa = PBXBuildFile; fileRef = 813884BF1AAFD567001F3797 /* Images.xcassets */; };
		813884C31AAFD567001F3797 /* LaunchScreen.xib in Resources */ = {isa = PBXBuildFile; fileRef = 813884C11AAFD567001F3797 /* LaunchScreen.xib */; };
		813884CF1AAFD567001F3797 /* Pitch_PerfectTests.swift in Sources */ = {isa = PBXBuildFile; fileRef = 813884CE1AAFD567001F3797 /* Pitch_PerfectTests.swift */; };
		81BB00AE1AB125CF00154966 /* PlaySoundsViewController.swift in Sources */ = {isa = PBXBuildFile; fileRef = 81BB00AD1AB125CF00154966 /* PlaySoundsViewController.swift */; };
		81BB00B01AB13A9900154966 /* movie_quote.mp3 in Resources */ = {isa = PBXBuildFile; fileRef = 81BB00AF1AB13A9900154966 /* movie_quote.mp3 */; };
		81BB00B21AB1607800154966 /* RecordedAudio.swift in Sources */ = {isa = PBXBuildFile; fileRef = 81BB00B11AB1607800154966 /* RecordedAudio.swift */; };
/* End PBXBuildFile section */

/* Begin PBXContainerItemProxy section */
		813884C91AAFD567001F3797 /* PBXContainerItemProxy */ = {
			isa = PBXContainerItemProxy;
			containerPortal = 813884AB1AAFD566001F3797 /* Project object */;
			proxyType = 1;
			remoteGlobalIDString = 813884B21AAFD566001F3797;
			remoteInfo = "Pitch Perfect";
		};
/* End PBXContainerItemProxy section */

/* Begin PBXFileReference section */
		813884B31AAFD566001F3797 /* Pitch Perfect.app */ = {isa = PBXFileReference; explicitFileType = wrapper.application; includeInIndex = 0; path = "Pitch Perfect.app"; sourceTree = BUILT_PRODUCTS_DIR; };
		813884B71AAFD567001F3797 /* Info.plist */ = {isa = PBXFileReference; lastKnownFileType = text.plist.xml; path = Info.plist; sourceTree = "<group>"; };
		813884B81AAFD567001F3797 /* AppDelegate.swift */ = {isa = PBXFileReference; lastKnownFileType = sourcecode.swift; path = AppDelegate.swift; sourceTree = "<group>"; };
		813884BA1AAFD567001F3797 /* RecordSoundsViewController.swift */ = {isa = PBXFileReference; lastKnownFileType = sourcecode.swift; path = RecordSoundsViewController.swift; sourceTree = "<group>"; };
		813884BD1AAFD567001F3797 /* Base */ = {isa = PBXFileReference; lastKnownFileType = file.storyboard; name = Base; path = Base.lproj/Main.storyboard; sourceTree = "<group>"; };
		813884BF1AAFD567001F3797 /* Images.xcassets */ = {isa = PBXFileReference; lastKnownFileType = folder.assetcatalog; path = Images.xcassets; sourceTree = "<group>"; };
		813884C21AAFD567001F3797 /* Base */ = {isa = PBXFileReference; lastKnownFileType = file.xib; name = Base; path = Base.lproj/LaunchScreen.xib; sourceTree = "<group>"; };
		813884C81AAFD567001F3797 /* Pitch PerfectTests.xctest */ = {isa = PBXFileReference; explicitFileType = wrapper.cfbundle; includeInIndex = 0; path = "Pitch PerfectTests.xctest"; sourceTree = BUILT_PRODUCTS_DIR; };
		813884CD1AAFD567001F3797 /* Info.plist */ = {isa = PBXFileReference; lastKnownFileType = text.plist.xml; path = Info.plist; sourceTree = "<group>"; };
		813884CE1AAFD567001F3797 /* Pitch_PerfectTests.swift */ = {isa = PBXFileReference; lastKnownFileType = sourcecode.swift; path = Pitch_PerfectTests.swift; sourceTree = "<group>"; };
		81BB00AD1AB125CF00154966 /* PlaySoundsViewController.swift */ = {isa = PBXFileReference; fileEncoding = 4; lastKnownFileType = sourcecode.swift; path = PlaySoundsViewController.swift; sourceTree = "<group>"; };
		81BB00AF1AB13A9900154966 /* movie_quote.mp3 */ = {isa = PBXFileReference; lastKnownFileType = audio.mp3; path = movie_quote.mp3; sourceTree = "<group>"; };
		81BB00B11AB1607800154966 /* RecordedAudio.swift */ = {isa = PBXFileReference; fileEncoding = 4; lastKnownFileType = sourcecode.swift; path = RecordedAudio.swift; sourceTree = "<group>"; };
/* End PBXFileReference section */

/* Begin PBXFrameworksBuildPhase section */
		813884B01AAFD566001F3797 /* Frameworks */ = {
			isa = PBXFrameworksBuildPhase;
			buildActionMask = 2147483647;
			files = (
			);
			runOnlyForDeploymentPostprocessing = 0;
		};
		813884C51AAFD567001F3797 /* Frameworks */ = {
			isa = PBXFrameworksBuildPhase;
			buildActionMask = 2147483647;
			files = (
			);
			runOnlyForDeploymentPostprocessing = 0;
		};
/* End PBXFrameworksBuildPhase section */

/* Begin PBXGroup section */
		813884AA1AAFD566001F3797 = {
			isa = PBXGroup;
			children = (
				813884B51AAFD566001F3797 /* Pitch Perfect */,
				813884CB1AAFD567001F3797 /* Pitch PerfectTests */,
				813884B41AAFD566001F3797 /* Products */,
			);
			sourceTree = "<group>";
		};
		813884B41AAFD566001F3797 /* Products */ = {
			isa = PBXGroup;
			children = (
				813884B31AAFD566001F3797 /* Pitch Perfect.app */,
				813884C81AAFD567001F3797 /* Pitch PerfectTests.xctest */,
			);
			name = Products;
			sourceTree = "<group>";
		};
		813884B51AAFD566001F3797 /* Pitch Perfect */ = {
			isa = PBXGroup;
			children = (
				813884B81AAFD567001F3797 /* AppDelegate.swift */,
				813884BA1AAFD567001F3797 /* RecordSoundsViewController.swift */,
				81BB00AD1AB125CF00154966 /* PlaySoundsViewController.swift */,
				81BB00B11AB1607800154966 /* RecordedAudio.swift */,
				813884BC1AAFD567001F3797 /* Main.storyboard */,
				813884BF1AAFD567001F3797 /* Images.xcassets */,
				813884C11AAFD567001F3797 /* LaunchScreen.xib */,
				813884B61AAFD567001F3797 /* Supporting Files */,
			);
			path = "Pitch Perfect";
			sourceTree = "<group>";
		};
		813884B61AAFD567001F3797 /* Supporting Files */ = {
			isa = PBXGroup;
			children = (
				81BB00AF1AB13A9900154966 /* movie_quote.mp3 */,
				813884B71AAFD567001F3797 /* Info.plist */,
			);
			name = "Supporting Files";
			sourceTree = "<group>";
		};
		813884CB1AAFD567001F3797 /* Pitch PerfectTests */ = {
			isa = PBXGroup;
			children = (
				813884CE1AAFD567001F3797 /* Pitch_PerfectTests.swift */,
				813884CC1AAFD567001F3797 /* Supporting Files */,
			);
			path = "Pitch PerfectTests";
			sourceTree = "<group>";
		};
		813884CC1AAFD567001F3797 /* Supporting Files */ = {
			isa = PBXGroup;
			children = (
				813884CD1AAFD567001F3797 /* Info.plist */,
			);
			name = "Supporting Files";
			sourceTree = "<group>";
		};
/* End PBXGroup section */

/* Begin PBXNativeTarget section */
		813884B21AAFD566001F3797 /* Pitch Perfect */ = {
			isa = PBXNativeTarget;
			buildConfigurationList = 813884D21AAFD567001F3797 /* Build configuration list for PBXNativeTarget "Pitch Perfect" */;
			buildPhases = (
				813884AF1AAFD566001F3797 /* Sources */,
				813884B01AAFD566001F3797 /* Frameworks */,
				813884B11AAFD566001F3797 /* Resources */,
			);
			buildRules = (
			);
			dependencies = (
			);
			name = "Pitch Perfect";
			productName = "Pitch Perfect";
			productReference = 813884B31AAFD566001F3797 /* Pitch Perfect.app */;
			productType = "com.apple.product-type.application";
		};
		813884C71AAFD567001F3797 /* Pitch PerfectTests */ = {
			isa = PBXNativeTarget;
			buildConfigurationList = 813884D51AAFD567001F3797 /* Build configuration list for PBXNativeTarget "Pitch PerfectTests" */;
			buildPhases = (
				813884C41AAFD567001F3797 /* Sources */,
				813884C51AAFD567001F3797 /* Frameworks */,
				813884C61AAFD567001F3797 /* Resources */,
			);
			buildRules = (
			);
			dependencies = (
				813884CA1AAFD567001F3797 /* PBXTargetDependency */,
			);
			name = "Pitch PerfectTests";
			productName = "Pitch PerfectTests";
			productReference = 813884C81AAFD567001F3797 /* Pitch PerfectTests.xctest */;
			productType = "com.apple.product-type.bundle.unit-test";
		};
/* End PBXNativeTarget section */

/* Begin PBXProject section */
		813884AB1AAFD566001F3797 /* Project object */ = {
			isa = PBXProject;
			attributes = {
				LastUpgradeCheck = 0620;
				ORGANIZATIONNAME = AaronJ;
				TargetAttributes = {
					813884B21AAFD566001F3797 = {
						CreatedOnToolsVersion = 6.2;
					};
					813884C71AAFD567001F3797 = {
						CreatedOnToolsVersion = 6.2;
						TestTargetID = 813884B21AAFD566001F3797;
					};
				};
			};
			buildConfigurationList = 813884AE1AAFD566001F3797 /* Build configuration list for PBXProject "Pitch Perfect" */;
			compatibilityVersion = "Xcode 3.2";
			developmentRegion = English;
			hasScannedForEncodings = 0;
			knownRegions = (
				en,
				Base,
			);
			mainGroup = 813884AA1AAFD566001F3797;
			productRefGroup = 813884B41AAFD566001F3797 /* Products */;
			projectDirPath = "";
			projectRoot = "";
			targets = (
				813884B21AAFD566001F3797 /* Pitch Perfect */,
				813884C71AAFD567001F3797 /* Pitch PerfectTests */,
			);
		};
/* End PBXProject section */

/* Begin PBXResourcesBuildPhase section */
		813884B11AAFD566001F3797 /* Resources */ = {
			isa = PBXResourcesBuildPhase;
			buildActionMask = 2147483647;
			files = (
				813884BE1AAFD567001F3797 /* Main.storyboard in Resources */,
				813884C31AAFD567001F3797 /* LaunchScreen.xib in Resources */,
				81BB00B01AB13A9900154966 /* movie_quote.mp3 in Resources */,
				813884C01AAFD567001F3797 /* Images.xcassets in Resources */,
			);
			runOnlyForDeploymentPostprocessing = 0;
		};
		813884C61AAFD567001F3797 /* Resources */ = {
			isa = PBXResourcesBuildPhase;
			buildActionMask = 2147483647;
			files = (
			);
			runOnlyForDeploymentPostprocessing = 0;
		};
/* End PBXResourcesBuildPhase section */

/* Begin PBXSourcesBuildPhase section */
		813884AF1AAFD566001F3797 /* Sources */ = {
			isa = PBXSourcesBuildPhase;
			buildActionMask = 2147483647;
			files = (
				81BB00B21AB1607800154966 /* RecordedAudio.swift in Sources */,
				813884BB1AAFD567001F3797 /* RecordSoundsViewController.swift in Sources */,
				81BB00AE1AB125CF00154966 /* PlaySoundsViewController.swift in Sources */,
				813884B91AAFD567001F3797 /* AppDelegate.swift in Sources */,
			);
			runOnlyForDeploymentPostprocessing = 0;
		};
		813884C41AAFD567001F3797 /* Sources */ = {
			isa = PBXSourcesBuildPhase;
			buildActionMask = 2147483647;
			files = (
				813884CF1AAFD567001F3797 /* Pitch_PerfectTests.swift in Sources */,
			);
			runOnlyForDeploymentPostprocessing = 0;
		};
/* End PBXSourcesBuildPhase section */

/* Begin PBXTargetDependency section */
		813884CA1AAFD567001F3797 /* PBXTargetDependency */ = {
			isa = PBXTargetDependency;
			target = 813884B21AAFD566001F3797 /* Pitch Perfect */;
			targetProxy = 813884C91AAFD567001F3797 /* PBXContainerItemProxy */;
		};
/* End PBXTargetDependency section */

/* Begin PBXVariantGroup section */
		813884BC1AAFD567001F3797 /* Main.storyboard */ = {
			isa = PBXVariantGroup;
			children = (
				813884BD1AAFD567001F3797 /* Base */,
			);
			name = Main.storyboard;
			sourceTree = "<group>";
		};
		813884C11AAFD567001F3797 /* LaunchScreen.xib */ = {
			isa = PBXVariantGroup;
			children = (
				813884C21AAFD567001F3797 /* Base */,
			);
			name = LaunchScreen.xib;
			sourceTree = "<group>";
		};
/* End PBXVariantGroup section */

/* Begin XCBuildConfiguration section */
		813884D01AAFD567001F3797 /* Debug */ = {
			isa = XCBuildConfiguration;
			buildSettings = {
				ALWAYS_SEARCH_USER_PATHS = NO;
				CLANG_CXX_LANGUAGE_STANDARD = "gnu++0x";
				CLANG_CXX_LIBRARY = "libc++";
				CLANG_ENABLE_MODULES = YES;
				CLANG_ENABLE_OBJC_ARC = YES;
				CLANG_WARN_BOOL_CONVERSION = YES;
				CLANG_WARN_CONSTANT_CONVERSION = YES;
				CLANG_WARN_DIRECT_OBJC_ISA_USAGE = YES_ERROR;
				CLANG_WARN_EMPTY_BODY = YES;
				CLANG_WARN_ENUM_CONVERSION = YES;
				CLANG_WARN_INT_CONVERSION = YES;
				CLANG_WARN_OBJC_ROOT_CLASS = YES_ERROR;
				CLANG_WARN_UNREACHABLE_CODE = YES;
				CLANG_WARN__DUPLICATE_METHOD_MATCH = YES;
				"CODE_SIGN_IDENTITY[sdk=iphoneos*]" = "iPhone Developer";
				COPY_PHASE_STRIP = NO;
				ENABLE_STRICT_OBJC_MSGSEND = YES;
				GCC_C_LANGUAGE_STANDARD = gnu99;
				GCC_DYNAMIC_NO_PIC = NO;
				GCC_OPTIMIZATION_LEVEL = 0;
				GCC_PREPROCESSOR_DEFINITIONS = (
					"DEBUG=1",
					"$(inherited)",
				);
				GCC_SYMBOLS_PRIVATE_EXTERN = NO;
				GCC_WARN_64_TO_32_BIT_CONVERSION = YES;
				GCC_WARN_ABOUT_RETURN_TYPE = YES_ERROR;
				GCC_WARN_UNDECLARED_SELECTOR = YES;
				GCC_WARN_UNINITIALIZED_AUTOS = YES_AGGRESSIVE;
				GCC_WARN_UNUSED_FUNCTION = YES;
				GCC_WARN_UNUSED_VARIABLE = YES;
				IPHONEOS_DEPLOYMENT_TARGET = 8.2;
				MTL_ENABLE_DEBUG_INFO = YES;
				ONLY_ACTIVE_ARCH = YES;
				SDKROOT = iphoneos;
				SWIFT_OPTIMIZATION_LEVEL = "-Onone";
			};
			name = Debug;
		};
		813884D11AAFD567001F3797 /* Release */ = {
			isa = XCBuildConfiguration;
			buildSettings = {
				ALWAYS_SEARCH_USER_PATHS = NO;
				CLANG_CXX_LANGUAGE_STANDARD = "gnu++0x";
				CLANG_CXX_LIBRARY = "libc++";
				CLANG_ENABLE_MODULES = YES;
				CLANG_ENABLE_OBJC_ARC = YES;
				CLANG_WARN_BOOL_CONVERSION = YES;
				CLANG_WARN_CONSTANT_CONVERSION = YES;
				CLANG_WARN_DIRECT_OBJC_ISA_USAGE = YES_ERROR;
				CLANG_WARN_EMPTY_BODY = YES;
				CLANG_WARN_ENUM_CONVERSION = YES;
				CLANG_WARN_INT_CONVERSION = YES;
				CLANG_WARN_OBJC_ROOT_CLASS = YES_ERROR;
				CLANG_WARN_UNREACHABLE_CODE = YES;
				CLANG_WARN__DUPLICATE_METHOD_MATCH = YES;
				"CODE_SIGN_IDENTITY[sdk=iphoneos*]" = "iPhone Developer";
				COPY_PHASE_STRIP = NO;
				ENABLE_NS_ASSERTIONS = NO;
				ENABLE_STRICT_OBJC_MSGSEND = YES;
				GCC_C_LANGUAGE_STANDARD = gnu99;
				GCC_WARN_64_TO_32_BIT_CONVERSION = YES;
				GCC_WARN_ABOUT_RETURN_TYPE = YES_ERROR;
				GCC_WARN_UNDECLARED_SELECTOR = YES;
				GCC_WARN_UNINITIALIZED_AUTOS = YES_AGGRESSIVE;
				GCC_WARN_UNUSED_FUNCTION = YES;
				GCC_WARN_UNUSED_VARIABLE = YES;
				IPHONEOS_DEPLOYMENT_TARGET = 8.2;
				MTL_ENABLE_DEBUG_INFO = NO;
				SDKROOT = iphoneos;
				VALIDATE_PRODUCT = YES;
			};
			name = Release;
		};
		813884D31AAFD567001F3797 /* Debug */ = {
			isa = XCBuildConfiguration;
			buildSettings = {
				ASSETCATALOG_COMPILER_APPICON_NAME = AppIcon;
				INFOPLIST_FILE = "Pitch Perfect/Info.plist";
				LD_RUNPATH_SEARCH_PATHS = "$(inherited) @executable_path/Frameworks";
				PRODUCT_NAME = "$(TARGET_NAME)";
			};
			name = Debug;
		};
		813884D41AAFD567001F3797 /* Release */ = {
			isa = XCBuildConfiguration;
			buildSettings = {
				ASSETCATALOG_COMPILER_APPICON_NAME = AppIcon;
				INFOPLIST_FILE = "Pitch Perfect/Info.plist";
				LD_RUNPATH_SEARCH_PATHS = "$(inherited) @executable_path/Frameworks";
				PRODUCT_NAME = "$(TARGET_NAME)";
			};
			name = Release;
		};
		813884D61AAFD567001F3797 /* Debug */ = {
			isa = XCBuildConfiguration;
			buildSettings = {
				BUNDLE_LOADER = "$(TEST_HOST)";
				FRAMEWORK_SEARCH_PATHS = (
					"$(SDKROOT)/Developer/Library/Frameworks",
					"$(inherited)",
				);
				GCC_PREPROCESSOR_DEFINITIONS = (
					"DEBUG=1",
					"$(inherited)",
				);
				INFOPLIST_FILE = "Pitch PerfectTests/Info.plist";
				LD_RUNPATH_SEARCH_PATHS = "$(inherited) @executable_path/Frameworks @loader_path/Frameworks";
				PRODUCT_NAME = "$(TARGET_NAME)";
				TEST_HOST = "$(BUILT_PRODUCTS_DIR)/Pitch Perfect.app/Pitch Perfect";
			};
			name = Debug;
		};
		813884D71AAFD567001F3797 /* Release */ = {
			isa = XCBuildConfiguration;
			buildSettings = {
				BUNDLE_LOADER = "$(TEST_HOST)";
				FRAMEWORK_SEARCH_PATHS = (
					"$(SDKROOT)/Developer/Library/Frameworks",
					"$(inherited)",
				);
				INFOPLIST_FILE = "Pitch PerfectTests/Info.plist";
				LD_RUNPATH_SEARCH_PATHS = "$(inherited) @executable_path/Frameworks @loader_path/Frameworks";
				PRODUCT_NAME = "$(TARGET_NAME)";
				TEST_HOST = "$(BUILT_PRODUCTS_DIR)/Pitch Perfect.app/Pitch Perfect";
			};
			name = Release;
		};
/* End XCBuildConfiguration section */

/* Begin XCConfigurationList section */
		813884AE1AAFD566001F3797 /* Build configuration list for PBXProject "Pitch Perfect" */ = {
			isa = XCConfigurationList;
			buildConfigurations = (
				813884D01AAFD567001F3797 /* Debug */,
				813884D11AAFD567001F3797 /* Release */,
			);
			defaultConfigurationIsVisible = 0;
			defaultConfigurationName = Release;
		};
		813884D21AAFD567001F3797 /* Build configuration list for PBXNativeTarget "Pitch Perfect" */ = {
			isa = XCConfigurationList;
			buildConfigurations = (
				813884D31AAFD567001F3797 /* Debug */,
				813884D41AAFD567001F3797 /* Release */,
			);
			defaultConfigurationIsVisible = 0;
			defaultConfigurationName = Release;
		};
		813884D51AAFD567001F3797 /* Build configuration list for PBXNativeTarget "Pitch PerfectTests" */ = {
			isa = XCConfigurationList;
			buildConfigurations = (
				813884D61AAFD567001F3797 /* Debug */,
				813884D71AAFD567001F3797 /* Release */,
			);
			defaultConfigurationIsVisible = 0;
			defaultConfigurationName = Release;
		};
/* End XCConfigurationList section */
	};
	rootObject = 813884AB1AAFD566001F3797 /* Project object */;
}
